// !$*UTF8*$!
{
	archiveVersion = 1;
	classes = {
	};
	objectVersion = 56;
	objects = {

/* Begin PBXBuildFile section */
		EEC7325828F1F15F001024A1 /* CoinTrackApp.swift in Sources */ = {isa = PBXBuildFile; fileRef = EEC7325728F1F15F001024A1 /* CoinTrackApp.swift */; };
		EEC7325C28F1F161001024A1 /* Assets.xcassets in Resources */ = {isa = PBXBuildFile; fileRef = EEC7325B28F1F161001024A1 /* Assets.xcassets */; };
		EEC7325F28F1F161001024A1 /* Preview Assets.xcassets in Resources */ = {isa = PBXBuildFile; fileRef = EEC7325E28F1F161001024A1 /* Preview Assets.xcassets */; };
		EEC7328228F1F91A001024A1 /* NetworkManager.swift in Sources */ = {isa = PBXBuildFile; fileRef = EEC7328128F1F91A001024A1 /* NetworkManager.swift */; };
		EEC7328428F1FCD6001024A1 /* CoinService.swift in Sources */ = {isa = PBXBuildFile; fileRef = EEC7328328F1FCD6001024A1 /* CoinService.swift */; };
		EEC7328628F1FD27001024A1 /* CoinModel.swift in Sources */ = {isa = PBXBuildFile; fileRef = EEC7328528F1FD27001024A1 /* CoinModel.swift */; };
		EEC7328828F205B7001024A1 /* CoinListViewModel.swift in Sources */ = {isa = PBXBuildFile; fileRef = EEC7328728F205B7001024A1 /* CoinListViewModel.swift */; };
		EEC7328A28F2074D001024A1 /* CoinListView.swift in Sources */ = {isa = PBXBuildFile; fileRef = EEC7328928F2074D001024A1 /* CoinListView.swift */; };
		EEC7328C28F20854001024A1 /* PreviewHelper.swift in Sources */ = {isa = PBXBuildFile; fileRef = EEC7328B28F20854001024A1 /* PreviewHelper.swift */; };
		EEC7328E28F26699001024A1 /* Utilities.swift in Sources */ = {isa = PBXBuildFile; fileRef = EEC7328D28F26699001024A1 /* Utilities.swift */; };
		EEC7329028F37C99001024A1 /* CoinDetailsView.swift in Sources */ = {isa = PBXBuildFile; fileRef = EEC7328F28F37C99001024A1 /* CoinDetailsView.swift */; };
		EEC7329228F37CB4001024A1 /* CoinDetailsViewModel.swift in Sources */ = {isa = PBXBuildFile; fileRef = EEC7329128F37CB4001024A1 /* CoinDetailsViewModel.swift */; };
		EEC7329428F37E53001024A1 /* CoinDetailsModel.swift in Sources */ = {isa = PBXBuildFile; fileRef = EEC7329328F37E53001024A1 /* CoinDetailsModel.swift */; };
		EEC732D228F612A7001024A1 /* ChartView.swift in Sources */ = {isa = PBXBuildFile; fileRef = EEC732D128F612A7001024A1 /* ChartView.swift */; };
		EEC732D428F61340001024A1 /* ChartModel.swift in Sources */ = {isa = PBXBuildFile; fileRef = EEC732D328F61340001024A1 /* ChartModel.swift */; };
		EEC732D628F61672001024A1 /* CoinCellView.swift in Sources */ = {isa = PBXBuildFile; fileRef = EEC732D528F61672001024A1 /* CoinCellView.swift */; };
		EEC732D928F72449001024A1 /* CachedAsyncImage in Frameworks */ = {isa = PBXBuildFile; productRef = EEC732D828F72449001024A1 /* CachedAsyncImage */; };
		EEC732DB28F7377A001024A1 /* NetworkResource.swift in Sources */ = {isa = PBXBuildFile; fileRef = EEC732DA28F7377A001024A1 /* NetworkResource.swift */; };
		EEC732DD28F73A55001024A1 /* CoinServiceTests.swift in Sources */ = {isa = PBXBuildFile; fileRef = EEC732DC28F73A55001024A1 /* CoinServiceTests.swift */; };
		EEC732DF28F73CC7001024A1 /* NetworkManagerTests.swift in Sources */ = {isa = PBXBuildFile; fileRef = EEC732DE28F73CC7001024A1 /* NetworkManagerTests.swift */; };
		EEC732E128F75318001024A1 /* CoinListViewModelTests.swift in Sources */ = {isa = PBXBuildFile; fileRef = EEC732E028F75318001024A1 /* CoinListViewModelTests.swift */; };
		EEC732E628F76440001024A1 /* CoinDetailsResponse.json in Resources */ = {isa = PBXBuildFile; fileRef = EEC732E528F76440001024A1 /* CoinDetailsResponse.json */; };
		EEC732E828F766A5001024A1 /* CoinListResponse.json in Resources */ = {isa = PBXBuildFile; fileRef = EEC732E728F766A5001024A1 /* CoinListResponse.json */; };
		EEC732EA28F78520001024A1 /* CoinDetailsViewModelTest.swift in Sources */ = {isa = PBXBuildFile; fileRef = EEC732E928F78520001024A1 /* CoinDetailsViewModelTest.swift */; };
		EEC732EC28F789E8001024A1 /* UtilityTests.swift in Sources */ = {isa = PBXBuildFile; fileRef = EEC732EB28F789E8001024A1 /* UtilityTests.swift */; };
/* End PBXBuildFile section */

/* Begin PBXContainerItemProxy section */
		EEC7326528F1F161001024A1 /* PBXContainerItemProxy */ = {
			isa = PBXContainerItemProxy;
			containerPortal = EEC7324C28F1F15F001024A1 /* Project object */;
			proxyType = 1;
			remoteGlobalIDString = EEC7325328F1F15F001024A1;
			remoteInfo = CoinTrack;
		};
/* End PBXContainerItemProxy section */

/* Begin PBXFileReference section */
		EEC7325428F1F15F001024A1 /* CoinTrack.app */ = {isa = PBXFileReference; explicitFileType = wrapper.application; includeInIndex = 0; path = CoinTrack.app; sourceTree = BUILT_PRODUCTS_DIR; };
		EEC7325728F1F15F001024A1 /* CoinTrackApp.swift */ = {isa = PBXFileReference; lastKnownFileType = sourcecode.swift; path = CoinTrackApp.swift; sourceTree = "<group>"; };
		EEC7325B28F1F161001024A1 /* Assets.xcassets */ = {isa = PBXFileReference; lastKnownFileType = folder.assetcatalog; path = Assets.xcassets; sourceTree = "<group>"; };
		EEC7325E28F1F161001024A1 /* Preview Assets.xcassets */ = {isa = PBXFileReference; lastKnownFileType = folder.assetcatalog; path = "Preview Assets.xcassets"; sourceTree = "<group>"; };
		EEC7326428F1F161001024A1 /* CoinTrackTests.xctest */ = {isa = PBXFileReference; explicitFileType = wrapper.cfbundle; includeInIndex = 0; path = CoinTrackTests.xctest; sourceTree = BUILT_PRODUCTS_DIR; };
		EEC7328128F1F91A001024A1 /* NetworkManager.swift */ = {isa = PBXFileReference; lastKnownFileType = sourcecode.swift; path = NetworkManager.swift; sourceTree = "<group>"; };
		EEC7328328F1FCD6001024A1 /* CoinService.swift */ = {isa = PBXFileReference; lastKnownFileType = sourcecode.swift; path = CoinService.swift; sourceTree = "<group>"; };
		EEC7328528F1FD27001024A1 /* CoinModel.swift */ = {isa = PBXFileReference; lastKnownFileType = sourcecode.swift; path = CoinModel.swift; sourceTree = "<group>"; };
		EEC7328728F205B7001024A1 /* CoinListViewModel.swift */ = {isa = PBXFileReference; lastKnownFileType = sourcecode.swift; path = CoinListViewModel.swift; sourceTree = "<group>"; };
		EEC7328928F2074D001024A1 /* CoinListView.swift */ = {isa = PBXFileReference; lastKnownFileType = sourcecode.swift; path = CoinListView.swift; sourceTree = "<group>"; };
		EEC7328B28F20854001024A1 /* PreviewHelper.swift */ = {isa = PBXFileReference; lastKnownFileType = sourcecode.swift; path = PreviewHelper.swift; sourceTree = "<group>"; };
		EEC7328D28F26699001024A1 /* Utilities.swift */ = {isa = PBXFileReference; lastKnownFileType = sourcecode.swift; path = Utilities.swift; sourceTree = "<group>"; };
		EEC7328F28F37C99001024A1 /* CoinDetailsView.swift */ = {isa = PBXFileReference; lastKnownFileType = sourcecode.swift; path = CoinDetailsView.swift; sourceTree = "<group>"; };
		EEC7329128F37CB4001024A1 /* CoinDetailsViewModel.swift */ = {isa = PBXFileReference; lastKnownFileType = sourcecode.swift; path = CoinDetailsViewModel.swift; sourceTree = "<group>"; };
		EEC7329328F37E53001024A1 /* CoinDetailsModel.swift */ = {isa = PBXFileReference; lastKnownFileType = sourcecode.swift; path = CoinDetailsModel.swift; sourceTree = "<group>"; };
		EEC732D128F612A7001024A1 /* ChartView.swift */ = {isa = PBXFileReference; lastKnownFileType = sourcecode.swift; path = ChartView.swift; sourceTree = "<group>"; };
		EEC732D328F61340001024A1 /* ChartModel.swift */ = {isa = PBXFileReference; lastKnownFileType = sourcecode.swift; path = ChartModel.swift; sourceTree = "<group>"; };
		EEC732D528F61672001024A1 /* CoinCellView.swift */ = {isa = PBXFileReference; lastKnownFileType = sourcecode.swift; path = CoinCellView.swift; sourceTree = "<group>"; };
		EEC732DA28F7377A001024A1 /* NetworkResource.swift */ = {isa = PBXFileReference; lastKnownFileType = sourcecode.swift; path = NetworkResource.swift; sourceTree = "<group>"; };
		EEC732DC28F73A55001024A1 /* CoinServiceTests.swift */ = {isa = PBXFileReference; lastKnownFileType = sourcecode.swift; path = CoinServiceTests.swift; sourceTree = "<group>"; };
		EEC732DE28F73CC7001024A1 /* NetworkManagerTests.swift */ = {isa = PBXFileReference; lastKnownFileType = sourcecode.swift; path = NetworkManagerTests.swift; sourceTree = "<group>"; };
		EEC732E028F75318001024A1 /* CoinListViewModelTests.swift */ = {isa = PBXFileReference; lastKnownFileType = sourcecode.swift; path = CoinListViewModelTests.swift; sourceTree = "<group>"; };
		EEC732E528F76440001024A1 /* CoinDetailsResponse.json */ = {isa = PBXFileReference; lastKnownFileType = text.json; path = CoinDetailsResponse.json; sourceTree = "<group>"; };
		EEC732E728F766A5001024A1 /* CoinListResponse.json */ = {isa = PBXFileReference; fileEncoding = 4; lastKnownFileType = text.json; path = CoinListResponse.json; sourceTree = "<group>"; };
		EEC732E928F78520001024A1 /* CoinDetailsViewModelTest.swift */ = {isa = PBXFileReference; lastKnownFileType = sourcecode.swift; path = CoinDetailsViewModelTest.swift; sourceTree = "<group>"; };
		EEC732EB28F789E8001024A1 /* UtilityTests.swift */ = {isa = PBXFileReference; lastKnownFileType = sourcecode.swift; path = UtilityTests.swift; sourceTree = "<group>"; };
/* End PBXFileReference section */

/* Begin PBXFrameworksBuildPhase section */
		EEC7325128F1F15F001024A1 /* Frameworks */ = {
			isa = PBXFrameworksBuildPhase;
			buildActionMask = 2147483647;
			files = (
				EEC732D928F72449001024A1 /* CachedAsyncImage in Frameworks */,
			);
			runOnlyForDeploymentPostprocessing = 0;
		};
		EEC7326128F1F161001024A1 /* Frameworks */ = {
			isa = PBXFrameworksBuildPhase;
			buildActionMask = 2147483647;
			files = (
			);
			runOnlyForDeploymentPostprocessing = 0;
		};
/* End PBXFrameworksBuildPhase section */

/* Begin PBXGroup section */
		EEC7324B28F1F15F001024A1 = {
			isa = PBXGroup;
			children = (
				EEC7325628F1F15F001024A1 /* CoinTrack */,
				EEC7326728F1F161001024A1 /* CoinTrackTests */,
				EEC7325528F1F15F001024A1 /* Products */,
			);
			sourceTree = "<group>";
		};
		EEC7325528F1F15F001024A1 /* Products */ = {
			isa = PBXGroup;
			children = (
				EEC7325428F1F15F001024A1 /* CoinTrack.app */,
				EEC7326428F1F161001024A1 /* CoinTrackTests.xctest */,
			);
			name = Products;
			sourceTree = "<group>";
		};
		EEC7325628F1F15F001024A1 /* CoinTrack */ = {
			isa = PBXGroup;
			children = (
				EEC7325728F1F15F001024A1 /* CoinTrackApp.swift */,
				EEC732D028F60B22001024A1 /* Utilities */,
				EEC732CF28F60B0B001024A1 /* Models */,
				EEC732CE28F60AE4001024A1 /* Views */,
				EEC732CD28F60ADC001024A1 /* ViewModels */,
				EEC732CC28F60AD6001024A1 /* Services */,
				EEC732CB28F60AD0001024A1 /* Networking */,
				EEC7325B28F1F161001024A1 /* Assets.xcassets */,
				EEC7325D28F1F161001024A1 /* Preview Content */,
			);
			path = CoinTrack;
			sourceTree = "<group>";
		};
		EEC7325D28F1F161001024A1 /* Preview Content */ = {
			isa = PBXGroup;
			children = (
				EEC7325E28F1F161001024A1 /* Preview Assets.xcassets */,
			);
			path = "Preview Content";
			sourceTree = "<group>";
		};
		EEC7326728F1F161001024A1 /* CoinTrackTests */ = {
			isa = PBXGroup;
			children = (
				EEC732E228F7637E001024A1 /* Response */,
				EEC732E928F78520001024A1 /* CoinDetailsViewModelTest.swift */,
				EEC732E028F75318001024A1 /* CoinListViewModelTests.swift */,
				EEC732DC28F73A55001024A1 /* CoinServiceTests.swift */,
				EEC732DE28F73CC7001024A1 /* NetworkManagerTests.swift */,
				EEC732EB28F789E8001024A1 /* UtilityTests.swift */,
			);
			path = CoinTrackTests;
			sourceTree = "<group>";
		};
		EEC732CB28F60AD0001024A1 /* Networking */ = {
			isa = PBXGroup;
			children = (
				EEC7328128F1F91A001024A1 /* NetworkManager.swift */,
				EEC732DA28F7377A001024A1 /* NetworkResource.swift */,
			);
			path = Networking;
			sourceTree = "<group>";
		};
		EEC732CC28F60AD6001024A1 /* Services */ = {
			isa = PBXGroup;
			children = (
				EEC7328328F1FCD6001024A1 /* CoinService.swift */,
			);
			path = Services;
			sourceTree = "<group>";
		};
		EEC732CD28F60ADC001024A1 /* ViewModels */ = {
			isa = PBXGroup;
			children = (
				EEC7329128F37CB4001024A1 /* CoinDetailsViewModel.swift */,
				EEC7328728F205B7001024A1 /* CoinListViewModel.swift */,
			);
			path = ViewModels;
			sourceTree = "<group>";
		};
		EEC732CE28F60AE4001024A1 /* Views */ = {
			isa = PBXGroup;
			children = (
				EEC7328928F2074D001024A1 /* CoinListView.swift */,
				EEC732D528F61672001024A1 /* CoinCellView.swift */,
				EEC7328F28F37C99001024A1 /* CoinDetailsView.swift */,
				EEC732D128F612A7001024A1 /* ChartView.swift */,
			);
			path = Views;
			sourceTree = "<group>";
		};
		EEC732CF28F60B0B001024A1 /* Models */ = {
			isa = PBXGroup;
			children = (
				EEC7329328F37E53001024A1 /* CoinDetailsModel.swift */,
				EEC7328528F1FD27001024A1 /* CoinModel.swift */,
				EEC732D328F61340001024A1 /* ChartModel.swift */,
			);
			path = Models;
			sourceTree = "<group>";
		};
		EEC732D028F60B22001024A1 /* Utilities */ = {
			isa = PBXGroup;
			children = (
				EEC7328D28F26699001024A1 /* Utilities.swift */,
				EEC7328B28F20854001024A1 /* PreviewHelper.swift */,
			);
			path = Utilities;
			sourceTree = "<group>";
		};
		EEC732E228F7637E001024A1 /* Response */ = {
			isa = PBXGroup;
			children = (
				EEC732E728F766A5001024A1 /* CoinListResponse.json */,
				EEC732E528F76440001024A1 /* CoinDetailsResponse.json */,
			);
			path = Response;
			sourceTree = "<group>";
		};
/* End PBXGroup section */

/* Begin PBXNativeTarget section */
		EEC7325328F1F15F001024A1 /* CoinTrack */ = {
			isa = PBXNativeTarget;
			buildConfigurationList = EEC7327828F1F161001024A1 /* Build configuration list for PBXNativeTarget "CoinTrack" */;
			buildPhases = (
				EEC7325028F1F15F001024A1 /* Sources */,
				EEC7325128F1F15F001024A1 /* Frameworks */,
				EEC7325228F1F15F001024A1 /* Resources */,
			);
			buildRules = (
			);
			dependencies = (
			);
			name = CoinTrack;
			packageProductDependencies = (
				EEC732D828F72449001024A1 /* CachedAsyncImage */,
			);
			productName = CoinTrack;
			productReference = EEC7325428F1F15F001024A1 /* CoinTrack.app */;
			productType = "com.apple.product-type.application";
		};
		EEC7326328F1F161001024A1 /* CoinTrackTests */ = {
			isa = PBXNativeTarget;
			buildConfigurationList = EEC7327B28F1F161001024A1 /* Build configuration list for PBXNativeTarget "CoinTrackTests" */;
			buildPhases = (
				EEC7326028F1F161001024A1 /* Sources */,
				EEC7326128F1F161001024A1 /* Frameworks */,
				EEC7326228F1F161001024A1 /* Resources */,
			);
			buildRules = (
			);
			dependencies = (
				EEC7326628F1F161001024A1 /* PBXTargetDependency */,
			);
			name = CoinTrackTests;
			productName = CoinTrackTests;
			productReference = EEC7326428F1F161001024A1 /* CoinTrackTests.xctest */;
			productType = "com.apple.product-type.bundle.unit-test";
		};
/* End PBXNativeTarget section */

/* Begin PBXProject section */
		EEC7324C28F1F15F001024A1 /* Project object */ = {
			isa = PBXProject;
			attributes = {
				BuildIndependentTargetsInParallel = 1;
				LastSwiftUpdateCheck = 1400;
				LastUpgradeCheck = 1400;
				TargetAttributes = {
					EEC7325328F1F15F001024A1 = {
						CreatedOnToolsVersion = 14.0.1;
					};
					EEC7326328F1F161001024A1 = {
						CreatedOnToolsVersion = 14.0.1;
						TestTargetID = EEC7325328F1F15F001024A1;
					};
				};
			};
			buildConfigurationList = EEC7324F28F1F15F001024A1 /* Build configuration list for PBXProject "CoinTrack" */;
			compatibilityVersion = "Xcode 14.0";
			developmentRegion = en;
			hasScannedForEncodings = 0;
			knownRegions = (
				en,
				Base,
			);
			mainGroup = EEC7324B28F1F15F001024A1;
			packageReferences = (
				EEC732D728F72449001024A1 /* XCRemoteSwiftPackageReference "swiftui-cached-async-image" */,
			);
			productRefGroup = EEC7325528F1F15F001024A1 /* Products */;
			projectDirPath = "";
			projectRoot = "";
			targets = (
				EEC7325328F1F15F001024A1 /* CoinTrack */,
				EEC7326328F1F161001024A1 /* CoinTrackTests */,
			);
		};
/* End PBXProject section */

/* Begin PBXResourcesBuildPhase section */
		EEC7325228F1F15F001024A1 /* Resources */ = {
			isa = PBXResourcesBuildPhase;
			buildActionMask = 2147483647;
			files = (
				EEC7325F28F1F161001024A1 /* Preview Assets.xcassets in Resources */,
				EEC7325C28F1F161001024A1 /* Assets.xcassets in Resources */,
			);
			runOnlyForDeploymentPostprocessing = 0;
		};
		EEC7326228F1F161001024A1 /* Resources */ = {
			isa = PBXResourcesBuildPhase;
			buildActionMask = 2147483647;
			files = (
				EEC732E828F766A5001024A1 /* CoinListResponse.json in Resources */,
				EEC732E628F76440001024A1 /* CoinDetailsResponse.json in Resources */,
			);
			runOnlyForDeploymentPostprocessing = 0;
		};
/* End PBXResourcesBuildPhase section */

/* Begin PBXSourcesBuildPhase section */
		EEC7325028F1F15F001024A1 /* Sources */ = {
			isa = PBXSourcesBuildPhase;
			buildActionMask = 2147483647;
			files = (
				EEC7328C28F20854001024A1 /* PreviewHelper.swift in Sources */,
				EEC732DB28F7377A001024A1 /* NetworkResource.swift in Sources */,
				EEC7328628F1FD27001024A1 /* CoinModel.swift in Sources */,
				EEC7329028F37C99001024A1 /* CoinDetailsView.swift in Sources */,
				EEC732D428F61340001024A1 /* ChartModel.swift in Sources */,
				EEC7328A28F2074D001024A1 /* CoinListView.swift in Sources */,
				EEC7328828F205B7001024A1 /* CoinListViewModel.swift in Sources */,
				EEC7329428F37E53001024A1 /* CoinDetailsModel.swift in Sources */,
				EEC7328428F1FCD6001024A1 /* CoinService.swift in Sources */,
				EEC7329228F37CB4001024A1 /* CoinDetailsViewModel.swift in Sources */,
				EEC7328228F1F91A001024A1 /* NetworkManager.swift in Sources */,
				EEC7328E28F26699001024A1 /* Utilities.swift in Sources */,
				EEC732D628F61672001024A1 /* CoinCellView.swift in Sources */,
				EEC7325828F1F15F001024A1 /* CoinTrackApp.swift in Sources */,
				EEC732D228F612A7001024A1 /* ChartView.swift in Sources */,
			);
			runOnlyForDeploymentPostprocessing = 0;
		};
		EEC7326028F1F161001024A1 /* Sources */ = {
			isa = PBXSourcesBuildPhase;
			buildActionMask = 2147483647;
			files = (
				EEC732EC28F789E8001024A1 /* UtilityTests.swift in Sources */,
				EEC732EA28F78520001024A1 /* CoinDetailsViewModelTest.swift in Sources */,
				EEC732DF28F73CC7001024A1 /* NetworkManagerTests.swift in Sources */,
				EEC732DD28F73A55001024A1 /* CoinServiceTests.swift in Sources */,
				EEC732E128F75318001024A1 /* CoinListViewModelTests.swift in Sources */,
			);
			runOnlyForDeploymentPostprocessing = 0;
		};
/* End PBXSourcesBuildPhase section */

/* Begin PBXTargetDependency section */
		EEC7326628F1F161001024A1 /* PBXTargetDependency */ = {
			isa = PBXTargetDependency;
			target = EEC7325328F1F15F001024A1 /* CoinTrack */;
			targetProxy = EEC7326528F1F161001024A1 /* PBXContainerItemProxy */;
		};
/* End PBXTargetDependency section */

/* Begin XCBuildConfiguration section */
		EEC7327628F1F161001024A1 /* Debug */ = {
			isa = XCBuildConfiguration;
			buildSettings = {
				ALWAYS_SEARCH_USER_PATHS = NO;
				CLANG_ANALYZER_NONNULL = YES;
				CLANG_ANALYZER_NUMBER_OBJECT_CONVERSION = YES_AGGRESSIVE;
				CLANG_CXX_LANGUAGE_STANDARD = "gnu++20";
				CLANG_ENABLE_MODULES = YES;
				CLANG_ENABLE_OBJC_ARC = YES;
				CLANG_ENABLE_OBJC_WEAK = YES;
				CLANG_WARN_BLOCK_CAPTURE_AUTORELEASING = YES;
				CLANG_WARN_BOOL_CONVERSION = YES;
				CLANG_WARN_COMMA = YES;
				CLANG_WARN_CONSTANT_CONVERSION = YES;
				CLANG_WARN_DEPRECATED_OBJC_IMPLEMENTATIONS = YES;
				CLANG_WARN_DIRECT_OBJC_ISA_USAGE = YES_ERROR;
				CLANG_WARN_DOCUMENTATION_COMMENTS = YES;
				CLANG_WARN_EMPTY_BODY = YES;
				CLANG_WARN_ENUM_CONVERSION = YES;
				CLANG_WARN_INFINITE_RECURSION = YES;
				CLANG_WARN_INT_CONVERSION = YES;
				CLANG_WARN_NON_LITERAL_NULL_CONVERSION = YES;
				CLANG_WARN_OBJC_IMPLICIT_RETAIN_SELF = YES;
				CLANG_WARN_OBJC_LITERAL_CONVERSION = YES;
				CLANG_WARN_OBJC_ROOT_CLASS = YES_ERROR;
				CLANG_WARN_QUOTED_INCLUDE_IN_FRAMEWORK_HEADER = YES;
				CLANG_WARN_RANGE_LOOP_ANALYSIS = YES;
				CLANG_WARN_STRICT_PROTOTYPES = YES;
				CLANG_WARN_SUSPICIOUS_MOVE = YES;
				CLANG_WARN_UNGUARDED_AVAILABILITY = YES_AGGRESSIVE;
				CLANG_WARN_UNREACHABLE_CODE = YES;
				CLANG_WARN__DUPLICATE_METHOD_MATCH = YES;
				COPY_PHASE_STRIP = NO;
				DEBUG_INFORMATION_FORMAT = dwarf;
				ENABLE_STRICT_OBJC_MSGSEND = YES;
				ENABLE_TESTABILITY = YES;
				GCC_C_LANGUAGE_STANDARD = gnu11;
				GCC_DYNAMIC_NO_PIC = NO;
				GCC_NO_COMMON_BLOCKS = YES;
				GCC_OPTIMIZATION_LEVEL = 0;
				GCC_PREPROCESSOR_DEFINITIONS = (
					"DEBUG=1",
					"$(inherited)",
				);
				GCC_WARN_64_TO_32_BIT_CONVERSION = YES;
				GCC_WARN_ABOUT_RETURN_TYPE = YES_ERROR;
				GCC_WARN_UNDECLARED_SELECTOR = YES;
				GCC_WARN_UNINITIALIZED_AUTOS = YES_AGGRESSIVE;
				GCC_WARN_UNUSED_FUNCTION = YES;
				GCC_WARN_UNUSED_VARIABLE = YES;
				IPHONEOS_DEPLOYMENT_TARGET = 16.0;
				MTL_ENABLE_DEBUG_INFO = INCLUDE_SOURCE;
				MTL_FAST_MATH = YES;
				ONLY_ACTIVE_ARCH = YES;
				SDKROOT = iphoneos;
				SWIFT_ACTIVE_COMPILATION_CONDITIONS = DEBUG;
				SWIFT_OPTIMIZATION_LEVEL = "-Onone";
			};
			name = Debug;
		};
		EEC7327728F1F161001024A1 /* Release */ = {
			isa = XCBuildConfiguration;
			buildSettings = {
				ALWAYS_SEARCH_USER_PATHS = NO;
				CLANG_ANALYZER_NONNULL = YES;
				CLANG_ANALYZER_NUMBER_OBJECT_CONVERSION = YES_AGGRESSIVE;
				CLANG_CXX_LANGUAGE_STANDARD = "gnu++20";
				CLANG_ENABLE_MODULES = YES;
				CLANG_ENABLE_OBJC_ARC = YES;
				CLANG_ENABLE_OBJC_WEAK = YES;
				CLANG_WARN_BLOCK_CAPTURE_AUTORELEASING = YES;
				CLANG_WARN_BOOL_CONVERSION = YES;
				CLANG_WARN_COMMA = YES;
				CLANG_WARN_CONSTANT_CONVERSION = YES;
				CLANG_WARN_DEPRECATED_OBJC_IMPLEMENTATIONS = YES;
				CLANG_WARN_DIRECT_OBJC_ISA_USAGE = YES_ERROR;
				CLANG_WARN_DOCUMENTATION_COMMENTS = YES;
				CLANG_WARN_EMPTY_BODY = YES;
				CLANG_WARN_ENUM_CONVERSION = YES;
				CLANG_WARN_INFINITE_RECURSION = YES;
				CLANG_WARN_INT_CONVERSION = YES;
				CLANG_WARN_NON_LITERAL_NULL_CONVERSION = YES;
				CLANG_WARN_OBJC_IMPLICIT_RETAIN_SELF = YES;
				CLANG_WARN_OBJC_LITERAL_CONVERSION = YES;
				CLANG_WARN_OBJC_ROOT_CLASS = YES_ERROR;
				CLANG_WARN_QUOTED_INCLUDE_IN_FRAMEWORK_HEADER = YES;
				CLANG_WARN_RANGE_LOOP_ANALYSIS = YES;
				CLANG_WARN_STRICT_PROTOTYPES = YES;
				CLANG_WARN_SUSPICIOUS_MOVE = YES;
				CLANG_WARN_UNGUARDED_AVAILABILITY = YES_AGGRESSIVE;
				CLANG_WARN_UNREACHABLE_CODE = YES;
				CLANG_WARN__DUPLICATE_METHOD_MATCH = YES;
				COPY_PHASE_STRIP = NO;
				DEBUG_INFORMATION_FORMAT = "dwarf-with-dsym";
				ENABLE_NS_ASSERTIONS = NO;
				ENABLE_STRICT_OBJC_MSGSEND = YES;
				GCC_C_LANGUAGE_STANDARD = gnu11;
				GCC_NO_COMMON_BLOCKS = YES;
				GCC_WARN_64_TO_32_BIT_CONVERSION = YES;
				GCC_WARN_ABOUT_RETURN_TYPE = YES_ERROR;
				GCC_WARN_UNDECLARED_SELECTOR = YES;
				GCC_WARN_UNINITIALIZED_AUTOS = YES_AGGRESSIVE;
				GCC_WARN_UNUSED_FUNCTION = YES;
				GCC_WARN_UNUSED_VARIABLE = YES;
				IPHONEOS_DEPLOYMENT_TARGET = 16.0;
				MTL_ENABLE_DEBUG_INFO = NO;
				MTL_FAST_MATH = YES;
				SDKROOT = iphoneos;
				SWIFT_COMPILATION_MODE = wholemodule;
				SWIFT_OPTIMIZATION_LEVEL = "-O";
				VALIDATE_PRODUCT = YES;
			};
			name = Release;
		};
		EEC7327928F1F161001024A1 /* Debug */ = {
			isa = XCBuildConfiguration;
			buildSettings = {
				ASSETCATALOG_COMPILER_APPICON_NAME = AppIcon;
				ASSETCATALOG_COMPILER_GLOBAL_ACCENT_COLOR_NAME = AccentColor;
				CODE_SIGN_STYLE = Automatic;
				CURRENT_PROJECT_VERSION = 1;
				DEVELOPMENT_ASSET_PATHS = "\"CoinTrack/Preview Content\"";
				ENABLE_PREVIEWS = YES;
				GENERATE_INFOPLIST_FILE = YES;
				INFOPLIST_KEY_UIApplicationSceneManifest_Generation = YES;
				INFOPLIST_KEY_UIApplicationSupportsIndirectInputEvents = YES;
				INFOPLIST_KEY_UILaunchScreen_Generation = YES;
				INFOPLIST_KEY_UISupportedInterfaceOrientations_iPad = "UIInterfaceOrientationPortrait UIInterfaceOrientationPortraitUpsideDown UIInterfaceOrientationLandscapeLeft UIInterfaceOrientationLandscapeRight";
				INFOPLIST_KEY_UISupportedInterfaceOrientations_iPhone = "UIInterfaceOrientationPortrait UIInterfaceOrientationLandscapeLeft UIInterfaceOrientationLandscapeRight";
				LD_RUNPATH_SEARCH_PATHS = (
					"$(inherited)",
					"@executable_path/Frameworks",
				);
				MARKETING_VERSION = 1.0;
				PRODUCT_BUNDLE_IDENTIFIER = com.cointrack.app.CoinTrack;
				PRODUCT_NAME = "$(TARGET_NAME)";
				SWIFT_EMIT_LOC_STRINGS = YES;
				SWIFT_VERSION = 5.0;
				TARGETED_DEVICE_FAMILY = "1,2";
			};
			name = Debug;
		};
		EEC7327A28F1F161001024A1 /* Release */ = {
			isa = XCBuildConfiguration;
			buildSettings = {
				ASSETCATALOG_COMPILER_APPICON_NAME = AppIcon;
				ASSETCATALOG_COMPILER_GLOBAL_ACCENT_COLOR_NAME = AccentColor;
				CODE_SIGN_STYLE = Automatic;
				CURRENT_PROJECT_VERSION = 1;
				DEVELOPMENT_ASSET_PATHS = "\"CoinTrack/Preview Content\"";
				ENABLE_PREVIEWS = YES;
				GENERATE_INFOPLIST_FILE = YES;
				INFOPLIST_KEY_UIApplicationSceneManifest_Generation = YES;
				INFOPLIST_KEY_UIApplicationSupportsIndirectInputEvents = YES;
				INFOPLIST_KEY_UILaunchScreen_Generation = YES;
				INFOPLIST_KEY_UISupportedInterfaceOrientations_iPad = "UIInterfaceOrientationPortrait UIInterfaceOrientationPortraitUpsideDown UIInterfaceOrientationLandscapeLeft UIInterfaceOrientationLandscapeRight";
				INFOPLIST_KEY_UISupportedInterfaceOrientations_iPhone = "UIInterfaceOrientationPortrait UIInterfaceOrientationLandscapeLeft UIInterfaceOrientationLandscapeRight";
				LD_RUNPATH_SEARCH_PATHS = (
					"$(inherited)",
					"@executable_path/Frameworks",
				);
				MARKETING_VERSION = 1.0;
				PRODUCT_BUNDLE_IDENTIFIER = com.cointrack.app.CoinTrack;
				PRODUCT_NAME = "$(TARGET_NAME)";
				SWIFT_EMIT_LOC_STRINGS = YES;
				SWIFT_VERSION = 5.0;
				TARGETED_DEVICE_FAMILY = "1,2";
			};
			name = Release;
		};
		EEC7327C28F1F161001024A1 /* Debug */ = {
			isa = XCBuildConfiguration;
			buildSettings = {
				ALWAYS_EMBED_SWIFT_STANDARD_LIBRARIES = YES;
				BUNDLE_LOADER = "$(TEST_HOST)";
				CODE_SIGN_STYLE = Automatic;
				CURRENT_PROJECT_VERSION = 1;
				GENERATE_INFOPLIST_FILE = YES;
				IPHONEOS_DEPLOYMENT_TARGET = 16.0;
				MARKETING_VERSION = 1.0;
				PRODUCT_BUNDLE_IDENTIFIER = com.cointrack.app.CoinTrackTests;
				PRODUCT_NAME = "$(TARGET_NAME)";
				SWIFT_EMIT_LOC_STRINGS = NO;
				SWIFT_VERSION = 5.0;
				TARGETED_DEVICE_FAMILY = "1,2";
				TEST_HOST = "$(BUILT_PRODUCTS_DIR)/CoinTrack.app/$(BUNDLE_EXECUTABLE_FOLDER_PATH)/CoinTrack";
			};
			name = Debug;
		};
		EEC7327D28F1F161001024A1 /* Release */ = {
			isa = XCBuildConfiguration;
			buildSettings = {
				ALWAYS_EMBED_SWIFT_STANDARD_LIBRARIES = YES;
				BUNDLE_LOADER = "$(TEST_HOST)";
				CODE_SIGN_STYLE = Automatic;
				CURRENT_PROJECT_VERSION = 1;
				GENERATE_INFOPLIST_FILE = YES;
				IPHONEOS_DEPLOYMENT_TARGET = 16.0;
				MARKETING_VERSION = 1.0;
				PRODUCT_BUNDLE_IDENTIFIER = com.cointrack.app.CoinTrackTests;
				PRODUCT_NAME = "$(TARGET_NAME)";
				SWIFT_EMIT_LOC_STRINGS = NO;
				SWIFT_VERSION = 5.0;
				TARGETED_DEVICE_FAMILY = "1,2";
				TEST_HOST = "$(BUILT_PRODUCTS_DIR)/CoinTrack.app/$(BUNDLE_EXECUTABLE_FOLDER_PATH)/CoinTrack";
			};
			name = Release;
		};
/* End XCBuildConfiguration section */

/* Begin XCConfigurationList section */
		EEC7324F28F1F15F001024A1 /* Build configuration list for PBXProject "CoinTrack" */ = {
			isa = XCConfigurationList;
			buildConfigurations = (
				EEC7327628F1F161001024A1 /* Debug */,
				EEC7327728F1F161001024A1 /* Release */,
			);
			defaultConfigurationIsVisible = 0;
			defaultConfigurationName = Release;
		};
		EEC7327828F1F161001024A1 /* Build configuration list for PBXNativeTarget "CoinTrack" */ = {
			isa = XCConfigurationList;
			buildConfigurations = (
				EEC7327928F1F161001024A1 /* Debug */,
				EEC7327A28F1F161001024A1 /* Release */,
			);
			defaultConfigurationIsVisible = 0;
			defaultConfigurationName = Release;
		};
		EEC7327B28F1F161001024A1 /* Build configuration list for PBXNativeTarget "CoinTrackTests" */ = {
			isa = XCConfigurationList;
			buildConfigurations = (
				EEC7327C28F1F161001024A1 /* Debug */,
				EEC7327D28F1F161001024A1 /* Release */,
			);
			defaultConfigurationIsVisible = 0;
			defaultConfigurationName = Release;
		};
/* End XCConfigurationList section */

/* Begin XCRemoteSwiftPackageReference section */
		EEC732D728F72449001024A1 /* XCRemoteSwiftPackageReference "swiftui-cached-async-image" */ = {
			isa = XCRemoteSwiftPackageReference;
			repositoryURL = "https://github.com/lorenzofiamingo/swiftui-cached-async-image";
			requirement = {
				kind = upToNextMajorVersion;
				minimumVersion = 2.0.0;
			};
		};
/* End XCRemoteSwiftPackageReference section */

/* Begin XCSwiftPackageProductDependency section */
		EEC732D828F72449001024A1 /* CachedAsyncImage */ = {
			isa = XCSwiftPackageProductDependency;
			package = EEC732D728F72449001024A1 /* XCRemoteSwiftPackageReference "swiftui-cached-async-image" */;
			productName = CachedAsyncImage;
		};
/* End XCSwiftPackageProductDependency section */
	};
	rootObject = EEC7324C28F1F15F001024A1 /* Project object */;
}
